
Microsoft Visual Studio Solution File, Format Version 12.00
# Visual Studio Version 17
VisualStudioVersion = 17.9.34616.47
MinimumVisualStudioVersion = 10.0.40219.1
Project("{8BC9CEB8-8B4A-11D0-8D11-00A0C91BC942}") = "multi-file by array", "multi-file by array\multi-file by array.vcxproj", "{F3F0F1BA-A545-4B63-97C7-4DC95BED9C79}"
EndProject
Global
	GlobalSection(SolutionConfigurationPlatforms) = preSolution
		Debug|x64 = Debug|x64
		Debug|x86 = Debug|x86
		Release|x64 = Release|x64
		Release|x86 = Release|x86
	EndGlobalSection
	GlobalSection(ProjectConfigurationPlatforms) = postSolution
		{F3F0F1BA-A545-4B63-97C7-4DC95BED9C79}.Debug|x64.ActiveCfg = Debug|x64
		{F3F0F1BA-A545-4B63-97C7-4DC95BED9C79}.Debug|x64.Build.0 = Debug|x64
		{F3F0F1BA-A545-4B63-97C7-4DC95BED9C79}.Debug|x86.ActiveCfg = Debug|Win32
		{F3F0F1BA-A545-4B63-97C7-4DC95BED9C79}.Debug|x86.Build.0 = Debug|Win32
		{F3F0F1BA-A545-4B63-97C7-4DC95BED9C79}.Release|x64.ActiveCfg = Release|x64
		{F3F0F1BA-A545-4B63-97C7-4DC95BED9C79}.Release|x64.Build.0 = Release|x64
		{F3F0F1BA-A545-4B63-97C7-4DC95BED9C79}.Release|x86.ActiveCfg = Release|Win32
		{F3F0F1BA-A545-4B63-97C7-4DC95BED9C79}.Release|x86.Build.0 = Release|Win32
	EndGlobalSection
	GlobalSection(SolutionProperties) = preSolution
		HideSolutionNode = FALSE
	EndGlobalSection
	GlobalSection(ExtensibilityGlobals) = postSolution
		SolutionGuid = {610C2C25-595B-4E15-8B99-43C944A9FB39}
	EndGlobalSection
EndGlobal
